
Microsoft Visual Studio Solution File, Format Version 12.00
# Visual Studio 14
VisualStudioVersion = 14.0.25420.1
MinimumVisualStudioVersion = 10.0.40219.1
Project("{FAE04EC0-301F-11D3-BF4B-00C04F79EFBC}") = "1) Simple Iteration", "NumericalMethods-Tasks\1) Simple Iteration.csproj", "{DF17DC66-B0BD-4E28-B53C-E8A1B8BC3B8B}"
EndProject
Project("{FAE04EC0-301F-11D3-BF4B-00C04F79EFBC}") = "2) Simple Iteration and Seidel SLE", "2) Simple Iteration and Seidel SLE\2) Simple Iteration and Seidel SLE.csproj", "{B40B70C2-2FAB-4503-8E44-32621E7E2784}"
EndProject
Project("{FAE04EC0-301F-11D3-BF4B-00C04F79EFBC}") = "3) Simple  Iteration and Newton SNLE", "3) Simple  Iteration and Newton SNLE\3) Simple  Iteration and Newton SNLE.csproj", "{F94872FA-A4D6-4F0E-89E3-74F8B6B0B2DF}"
EndProject
Project("{FAE04EC0-301F-11D3-BF4B-00C04F79EFBC}") = "4) Lagrange Polynomial", "4) Lagrange Polynomial\4) Lagrange Polynomial.csproj", "{6B19FDBD-47DF-484B-809E-05819BF56D9E}"
EndProject
Project("{FAE04EC0-301F-11D3-BF4B-00C04F79EFBC}") = "5) Backward Newton", "5) Backward Newton\5) Backward Newton.csproj", "{FC252F2E-9EA7-411A-A011-35131D1673C6}"
EndProject
Project("{FAE04EC0-301F-11D3-BF4B-00C04F79EFBC}") = "6) Integrals Computation", "6) Integrals Computation\6) Integrals Computation.csproj", "{15E6811F-ABD8-4B7C-A1C2-C30243133003}"
EndProject
Global
	GlobalSection(SolutionConfigurationPlatforms) = preSolution
		Debug|Any CPU = Debug|Any CPU
		Release|Any CPU = Release|Any CPU
	EndGlobalSection
	GlobalSection(ProjectConfigurationPlatforms) = postSolution
		{DF17DC66-B0BD-4E28-B53C-E8A1B8BC3B8B}.Debug|Any CPU.ActiveCfg = Debug|Any CPU
		{DF17DC66-B0BD-4E28-B53C-E8A1B8BC3B8B}.Debug|Any CPU.Build.0 = Debug|Any CPU
		{DF17DC66-B0BD-4E28-B53C-E8A1B8BC3B8B}.Release|Any CPU.ActiveCfg = Release|Any CPU
		{DF17DC66-B0BD-4E28-B53C-E8A1B8BC3B8B}.Release|Any CPU.Build.0 = Release|Any CPU
		{B40B70C2-2FAB-4503-8E44-32621E7E2784}.Debug|Any CPU.ActiveCfg = Debug|Any CPU
		{B40B70C2-2FAB-4503-8E44-32621E7E2784}.Debug|Any CPU.Build.0 = Debug|Any CPU
		{B40B70C2-2FAB-4503-8E44-32621E7E2784}.Release|Any CPU.ActiveCfg = Release|Any CPU
		{B40B70C2-2FAB-4503-8E44-32621E7E2784}.Release|Any CPU.Build.0 = Release|Any CPU
		{F94872FA-A4D6-4F0E-89E3-74F8B6B0B2DF}.Debug|Any CPU.ActiveCfg = Debug|Any CPU
		{F94872FA-A4D6-4F0E-89E3-74F8B6B0B2DF}.Debug|Any CPU.Build.0 = Debug|Any CPU
		{F94872FA-A4D6-4F0E-89E3-74F8B6B0B2DF}.Release|Any CPU.ActiveCfg = Release|Any CPU
		{F94872FA-A4D6-4F0E-89E3-74F8B6B0B2DF}.Release|Any CPU.Build.0 = Release|Any CPU
		{6B19FDBD-47DF-484B-809E-05819BF56D9E}.Debug|Any CPU.ActiveCfg = Debug|Any CPU
		{6B19FDBD-47DF-484B-809E-05819BF56D9E}.Debug|Any CPU.Build.0 = Debug|Any CPU
		{6B19FDBD-47DF-484B-809E-05819BF56D9E}.Release|Any CPU.ActiveCfg = Release|Any CPU
		{6B19FDBD-47DF-484B-809E-05819BF56D9E}.Release|Any CPU.Build.0 = Release|Any CPU
		{FC252F2E-9EA7-411A-A011-35131D1673C6}.Debug|Any CPU.ActiveCfg = Debug|Any CPU
		{FC252F2E-9EA7-411A-A011-35131D1673C6}.Debug|Any CPU.Build.0 = Debug|Any CPU
		{FC252F2E-9EA7-411A-A011-35131D1673C6}.Release|Any CPU.ActiveCfg = Release|Any CPU
		{FC252F2E-9EA7-411A-A011-35131D1673C6}.Release|Any CPU.Build.0 = Release|Any CPU
		{15E6811F-ABD8-4B7C-A1C2-C30243133003}.Debug|Any CPU.ActiveCfg = Debug|Any CPU
		{15E6811F-ABD8-4B7C-A1C2-C30243133003}.Debug|Any CPU.Build.0 = Debug|Any CPU
		{15E6811F-ABD8-4B7C-A1C2-C30243133003}.Release|Any CPU.ActiveCfg = Release|Any CPU
		{15E6811F-ABD8-4B7C-A1C2-C30243133003}.Release|Any CPU.Build.0 = Release|Any CPU
	EndGlobalSection
	GlobalSection(SolutionProperties) = preSolution
		HideSolutionNode = FALSE
	EndGlobalSection
EndGlobal
